
Microsoft Visual Studio Solution File, Format Version 12.00
# Visual Studio Version 17
VisualStudioVersion = 17.9.34607.119
MinimumVisualStudioVersion = 10.0.40219.1
Project("{9A19103F-16F7-4668-BE54-9A1E7A4F7556}") = "ProjetoCurso", "ProjetoCurso.csproj", "{35A480C5-0F29-4549-8A8E-AAC57EDBE559}"
EndProject
Global
	GlobalSection(SolutionConfigurationPlatforms) = preSolution
		Debug|Any CPU = Debug|Any CPU
		Release|Any CPU = Release|Any CPU
	EndGlobalSection
	GlobalSection(ProjectConfigurationPlatforms) = postSolution
		{35A480C5-0F29-4549-8A8E-AAC57EDBE559}.Debug|Any CPU.ActiveCfg = Debug|Any CPU
		{35A480C5-0F29-4549-8A8E-AAC57EDBE559}.Debug|Any CPU.Build.0 = Debug|Any CPU
		{35A480C5-0F29-4549-8A8E-AAC57EDBE559}.Release|Any CPU.ActiveCfg = Release|Any CPU
		{35A480C5-0F29-4549-8A8E-AAC57EDBE559}.Release|Any CPU.Build.0 = Release|Any CPU
	EndGlobalSection
	GlobalSection(SolutionProperties) = preSolution
		HideSolutionNode = FALSE
	EndGlobalSection
	GlobalSection(ExtensibilityGlobals) = postSolution
		SolutionGuid = {40660D26-6BBC-4B45-8D56-29A5AA6F6098}
	EndGlobalSection
EndGlobal
